<?xml version="1.0" encoding="utf-8"?>
<Project ToolsVersion="4.0" xmlns="http://schemas.microsoft.com/developer/msbuild/2003">
  <ItemGroup>
    <Filter Include="Source Files">
      <UniqueIdentifier>{4FC737F1-C7A5-4376-A066-2A32D752A2FF}</UniqueIdentifier>
      <Extensions>cpp;c;cc;cxx;def;odl;idl;hpj;bat;asm;asmx</Extensions>
    </Filter>
    <Filter Include="Source Files\Extras">
      <UniqueIdentifier>{795b9ee4-f626-4f98-9756-279211691501}</UniqueIdentifier>
    </Filter>
    <Filter Include="Header Files">
      <UniqueIdentifier>{93995380-89BD-4b04-88EB-625FBE52EBFB}</UniqueIdentifier>
      <Extensions>h;hpp;hxx;hm;inl;inc;xsd</Extensions>
    </Filter>
    <Filter Include="Header Files\Extras">
      <UniqueIdentifier>{236d9e54-50cd-44ac-922a-2cfa5430f3f5}</UniqueIdentifier>
    </Filter>
    <Filter Include="Resource Files">
      <UniqueIdentifier>{67DA6AB6-F800-4c08-8B7A-83BB121AAD01}</UniqueIdentifier>
      <Extensions>rc;ico;cur;bmp;dlg;rc2;rct;bin;rgs;gif;jpg;jpeg;jpe;resx;tiff;tif;png;wav</Extensions>
    </Filter>
  </ItemGroup>
  <ItemGroup>
    <ClCompile Include="PhysicsEngine.cpp">
      <Filter>Source Files</Filter>
    </ClCompile>
    <ClCompile Include="VisualDebugger.cpp">
      <Filter>Source Files</Filter>
    </ClCompile>
    <ClCompile Include="Extras\Camera.cpp">
      <Filter>Source Files\Extras</Filter>
    </ClCompile>
    <ClCompile Include="Extras\GLFontRenderer.cpp">
      <Filter>Source Files\Extras</Filter>
    </ClCompile>
    <ClCompile Include="Extras\Renderer.cpp">
      <Filter>Source Files\Extras</Filter>
    </ClCompile>
    <ClCompile Include="Shapes.cpp">
      <Filter>Source Files</Filter>
    </ClCompile>
    <ClCompile Include="Joints.cpp">
      <Filter>Source Files</Filter>
    </ClCompile>
    <ClCompile Include="Assignment 1.cpp">
      <Filter>Source Files</Filter>
    </ClCompile>
    <ClCompile Include="SimulationCallback.cpp">
      <Filter>Source Files</Filter>
    </ClCompile>
    <ClCompile Include="Scene.cpp">
      <Filter>Source Files</Filter>
    </ClCompile>
    <ClCompile Include="Objects.cpp">
      <Filter>Source Files</Filter>
    </ClCompile>
    <ClCompile Include="Externals.cpp">
      <Filter>Source Files</Filter>
    </ClCompile>
    <ClCompile Include="GameLogic.cpp">
      <Filter>Source Files</Filter>
    </ClCompile>
  </ItemGroup>
  <ItemGroup>
    <ClInclude Include="Exception.h">
      <Filter>Header Files</Filter>
    </ClInclude>
    <ClInclude Include="PhysicsEngine.h">
      <Filter>Header Files</Filter>
    </ClInclude>
    <ClInclude Include="VisualDebugger.h">
      <Filter>Header Files</Filter>
    </ClInclude>
    <ClInclude Include="Extras\Camera.h">
      <Filter>Header Files\Extras</Filter>
    </ClInclude>
    <ClInclude Include="Extras\GLFontData.h">
      <Filter>Header Files\Extras</Filter>
    </ClInclude>
    <ClInclude Include="Extras\GLFontRenderer.h">
      <Filter>Header Files\Extras</Filter>
    </ClInclude>
    <ClInclude Include="Extras\HUD.h">
      <Filter>Header Files\Extras</Filter>
    </ClInclude>
    <ClInclude Include="Extras\Renderer.h">
      <Filter>Header Files\Extras</Filter>
    </ClInclude>
    <ClInclude Include="Shapes.h">
      <Filter>Header Files</Filter>
    </ClInclude>
    <ClInclude Include="Joints.h">
      <Filter>Header Files</Filter>
    </ClInclude>
    <ClInclude Include="Scene.h">
      <Filter>Header Files</Filter>
    </ClInclude>
    <ClInclude Include="Utilities.h">
      <Filter>Header Files</Filter>
    </ClInclude>
    <ClInclude Include="Objects.h">
      <Filter>Header Files</Filter>
    </ClInclude>
    <ClInclude Include="Externals.h">
      <Filter>Header Files</Filter>
    </ClInclude>
    <ClInclude Include="SimulationCallback.h">
      <Filter>Header Files</Filter>
    </ClInclude>
    <ClInclude Include="GameLogic.h">
      <Filter>Header Files</Filter>
    </ClInclude>
  </ItemGroup>
</Project>